
Microsoft Visual Studio Solution File, Format Version 12.00
# Visual Studio Version 17
VisualStudioVersion = 17.14.36109.1
MinimumVisualStudioVersion = 10.0.40219.1
Project("{FAE04EC0-301F-11D3-BF4B-00C04F79EFBC}") = "WebAPI", "OrderSystem\WebAPI.csproj", "{D3883959-80AD-4657-A746-82C19680D194}"
	ProjectSection(ProjectDependencies) = postProject
		{4C950C96-2BF4-40D3-83F4-84FD97D474AB} = {4C950C96-2BF4-40D3-83F4-84FD97D474AB}
		{C1F31919-1DE5-4D70-BD7E-5FE22CD1EC73} = {C1F31919-1DE5-4D70-BD7E-5FE22CD1EC73}
	EndProjectSection
EndProject
Project("{FAE04EC0-301F-11D3-BF4B-00C04F79EFBC}") = "Domain", "Domain\Domain.csproj", "{4C950C96-2BF4-40D3-83F4-84FD97D474AB}"
EndProject
Project("{FAE04EC0-301F-11D3-BF4B-00C04F79EFBC}") = "Service", "Service\Service.csproj", "{C1F31919-1DE5-4D70-BD7E-5FE22CD1EC73}"
	ProjectSection(ProjectDependencies) = postProject
		{4C950C96-2BF4-40D3-83F4-84FD97D474AB} = {4C950C96-2BF4-40D3-83F4-84FD97D474AB}
	EndProjectSection
EndProject
Project("{FAE04EC0-301F-11D3-BF4B-00C04F79EFBC}") = "DapperDataAccess", "DapperDataAccess\DapperDataAccess.csproj", "{4157E0C8-7358-48B8-AAC5-B45DE3A2B872}"
	ProjectSection(ProjectDependencies) = postProject
		{4C950C96-2BF4-40D3-83F4-84FD97D474AB} = {4C950C96-2BF4-40D3-83F4-84FD97D474AB}
	EndProjectSection
EndProject
Global
	GlobalSection(SolutionConfigurationPlatforms) = preSolution
		Debug|Any CPU = Debug|Any CPU
		Release|Any CPU = Release|Any CPU
	EndGlobalSection
	GlobalSection(ProjectConfigurationPlatforms) = postSolution
		{D3883959-80AD-4657-A746-82C19680D194}.Debug|Any CPU.ActiveCfg = Debug|Any CPU
		{D3883959-80AD-4657-A746-82C19680D194}.Debug|Any CPU.Build.0 = Debug|Any CPU
		{D3883959-80AD-4657-A746-82C19680D194}.Release|Any CPU.ActiveCfg = Release|Any CPU
		{D3883959-80AD-4657-A746-82C19680D194}.Release|Any CPU.Build.0 = Release|Any CPU
		{4C950C96-2BF4-40D3-83F4-84FD97D474AB}.Debug|Any CPU.ActiveCfg = Debug|Any CPU
		{4C950C96-2BF4-40D3-83F4-84FD97D474AB}.Debug|Any CPU.Build.0 = Debug|Any CPU
		{4C950C96-2BF4-40D3-83F4-84FD97D474AB}.Release|Any CPU.ActiveCfg = Release|Any CPU
		{4C950C96-2BF4-40D3-83F4-84FD97D474AB}.Release|Any CPU.Build.0 = Release|Any CPU
		{C1F31919-1DE5-4D70-BD7E-5FE22CD1EC73}.Debug|Any CPU.ActiveCfg = Debug|Any CPU
		{C1F31919-1DE5-4D70-BD7E-5FE22CD1EC73}.Debug|Any CPU.Build.0 = Debug|Any CPU
		{C1F31919-1DE5-4D70-BD7E-5FE22CD1EC73}.Release|Any CPU.ActiveCfg = Release|Any CPU
		{C1F31919-1DE5-4D70-BD7E-5FE22CD1EC73}.Release|Any CPU.Build.0 = Release|Any CPU
		{4157E0C8-7358-48B8-AAC5-B45DE3A2B872}.Debug|Any CPU.ActiveCfg = Debug|Any CPU
		{4157E0C8-7358-48B8-AAC5-B45DE3A2B872}.Debug|Any CPU.Build.0 = Debug|Any CPU
		{4157E0C8-7358-48B8-AAC5-B45DE3A2B872}.Release|Any CPU.ActiveCfg = Release|Any CPU
		{4157E0C8-7358-48B8-AAC5-B45DE3A2B872}.Release|Any CPU.Build.0 = Release|Any CPU
	EndGlobalSection
	GlobalSection(SolutionProperties) = preSolution
		HideSolutionNode = FALSE
	EndGlobalSection
	GlobalSection(ExtensibilityGlobals) = postSolution
		SolutionGuid = {C0084D82-563D-4359-9160-C7E1265565C5}
	EndGlobalSection
EndGlobal
